{
  "name": "sample-app",
  "version": "0.0.1",
  "lockfileVersion": 2,
  "requires": true,
  "packages": {
    "": {
      "name": "sample-app",
      "version": "0.0.1",
      "dependencies": {
        "cheeseparser": "^4.17.0"
      }
    },
    "node_modules/cheeseparser": {
      "version": "4.17.21",
      "integrity": "sha512-DDD"
    },
    "node_modules/cheeseparser/node_modules/polyglot": {
      "version": "1.0.0",
      "integrity": "sha512-EEE"
    }
  },
  "dependencies": {
    "cheeseparser": {
      "version": "4.17.21",
      "integrity": "sha512-DDD"
    }
  }
}
