{
  "name": "replay-fixture",
  "version": "1.0.0",
  "lockfileVersion": 3,
  "requires": true,
  "packages": {
    "": {
      "name": "replay-fixture",
      "version": "1.0.0"
    },
    "node_modules/cheeseparser": {
      "version": "4.17.20",
      "resolved": "https://registry.npmjs.org/cheeseparser/-/cheeseparser-4.17.20.tgz"
    },
    "node_modules/@Sample/Widget": {
      "version": "1.4.7",
      "resolved": "https://registry.npmjs.org/@Sample/Widget/-/Widget-1.4.7.tgz"
    },
    "node_modules/gitonly": {
      "version": "0.5.0",
      "resolved": "https://registry.npmjs.org/gitonly/-/gitonly-0.5.0.tgz"
    },
    "node_modules/polyglot": {
      "version": "1.9.0",
      "resolved": "https://registry.npmjs.org/polyglot/-/polyglot-1.9.0.tgz"
    },
    "node_modules/tiny-helper": {
      "version": "0.4.2",
      "resolved": "https://registry.npmjs.org/tiny-helper/-/tiny-helper-0.4.2.tgz"
    },
    "node_modules/unaffected": {
      "version": "9.9.9",
      "resolved": "https://registry.npmjs.org/unaffected/-/unaffected-9.9.9.tgz"
    }
  }
}
