# This file is automatically @generated by Cargo.
# It is not intended for manual editing.
version = 4

[[package]]
name = "sample_crate"
version = "0.3.35"
source = "registry+https://github.com/rust-lang/crates.io-index"
checksum = "aaa"

[[package]]
name = "tiny-helper"
version = "0.4.2"
source = "registry+https://github.com/rust-lang/crates.io-index"
checksum = "bbb"

[[package]]
name = "unaffected"
version = "9.9.9"
source = "registry+https://github.com/rust-lang/crates.io-index"
checksum = "ccc"
