{
  "name": "sample-monorepo",
  "version": "1.0.0",
  "lockfileVersion": 3,
  "requires": true,
  "packages": {
    "": {
      "name": "sample-monorepo",
      "version": "1.0.0",
      "workspaces": [
        "packages/*"
      ]
    },
    "node_modules/@sample/widget": {
      "resolved": "packages/widget",
      "link": true
    },
    "node_modules/cheeseparser": {
      "version": "4.17.20",
      "resolved": "https://registry.npmjs.org/cheeseparser/-/cheeseparser-4.17.20.tgz",
      "integrity": "sha512-AAA"
    },
    "node_modules/gitonly": {
      "version": "1.0.0",
      "resolved": "git+ssh://git@example.invalid/gitonly.git#abc123"
    },
    "node_modules/polyglot": {
      "version": "1.9.0",
      "integrity": "sha512-BBB"
    },
    "node_modules/@Sample/Widget-Dep": {
      "version": "1.4.7",
      "integrity": "sha512-CCC"
    },
    "node_modules/unversioned-thing": {
      "resolved": "https://example.invalid/x.tgz"
    },
    "packages/widget": {
      "name": "@sample/widget",
      "version": "0.1.0"
    }
  }
}
