# This file is automatically @generated by Cargo.
# It is not intended for manual editing.
version = 4

[[package]]
name = "sample-app"
version = "0.1.0"
dependencies = [
 "sample_crate",
 "tiny-helper",
]

[[package]]
name = "sample_crate"
version = "0.3.35"
source = "registry+https://github.com/rust-lang/crates.io-index"
checksum = "aaa"
dependencies = [
 "tiny-helper",
]

[[package]]
name = "tiny-helper"
version = "0.4.2"
source = "registry+https://github.com/rust-lang/crates.io-index"
checksum = "bbb"

[[package]]
name = "vendored-thing"
version = "0.1.0"
source = "git+https://example.invalid/vendored.git#abc123"
