# THIS IS AN AUTOGENERATED FILE. DO NOT EDIT THIS FILE DIRECTLY.
# yarn lockfile v1


"@Sample/Widget-Dep@^1.4.0":
  version "1.4.7"
  resolved "https://registry.yarnpkg.com/@Sample/Widget-Dep/-/Widget-Dep-1.4.7.tgz#abc"
  integrity sha512-CCC

cheeseparser@^4.17.0, cheeseparser@~4.17.20:
  version "4.17.20"
  resolved "https://registry.yarnpkg.com/cheeseparser/-/cheeseparser-4.17.20.tgz#def"
  integrity sha512-AAA

local-thing@file:../local-thing:
  version "0.0.0"
  resolved "file:../local-thing"

polyglot@^1.9.0:
  version "1.9.0"
  resolved "https://registry.yarnpkg.com/polyglot/-/polyglot-1.9.0.tgz#ghi"
  integrity sha512-BBB
